// !$*UTF8*$!
{
	archiveVersion = 1;
	classes = {
	};
	objectVersion = 46;
	objects = {

/* Begin PBXBuildFile section */
		20191E5D1D68ADEF00853848 /* DetailOfTweetsTableViewController.swift in Sources */ = {isa = PBXBuildFile; fileRef = 20191E5C1D68ADEF00853848 /* DetailOfTweetsTableViewController.swift */; };
		20439B581D75BDF500740955 /* tweetImageViewCell.swift in Sources */ = {isa = PBXBuildFile; fileRef = 20439B571D75BDF500740955 /* tweetImageViewCell.swift */; };
		20538F201D5CC7DD00DA3869 /* AppDelegate.swift in Sources */ = {isa = PBXBuildFile; fileRef = 20538F1F1D5CC7DD00DA3869 /* AppDelegate.swift */; };
		20538F251D5CC7DD00DA3869 /* Main.storyboard in Resources */ = {isa = PBXBuildFile; fileRef = 20538F231D5CC7DD00DA3869 /* Main.storyboard */; };
		20538F271D5CC7DD00DA3869 /* Assets.xcassets in Resources */ = {isa = PBXBuildFile; fileRef = 20538F261D5CC7DD00DA3869 /* Assets.xcassets */; };
		20538F2A1D5CC7DD00DA3869 /* LaunchScreen.storyboard in Resources */ = {isa = PBXBuildFile; fileRef = 20538F281D5CC7DD00DA3869 /* LaunchScreen.storyboard */; };
		20538F351D5CC7DE00DA3869 /* smashTweetTests.swift in Sources */ = {isa = PBXBuildFile; fileRef = 20538F341D5CC7DE00DA3869 /* smashTweetTests.swift */; };
		20538F401D5CC7DE00DA3869 /* smashTweetUITests.swift in Sources */ = {isa = PBXBuildFile; fileRef = 20538F3F1D5CC7DE00DA3869 /* smashTweetUITests.swift */; };
		20538F4E1D5CC81B00DA3869 /* tweetTableViewController.swift in Sources */ = {isa = PBXBuildFile; fileRef = 20538F4D1D5CC81B00DA3869 /* tweetTableViewController.swift */; };
		208AA4371D682D1D004EFD53 /* Twitter.framework in Frameworks */ = {isa = PBXBuildFile; fileRef = 208AA4361D682D1D004EFD53 /* Twitter.framework */; };
		20D7AFF41D5F776000F2BA01 /* TweetTableViewCell.swift in Sources */ = {isa = PBXBuildFile; fileRef = 20D7AFF31D5F776000F2BA01 /* TweetTableViewCell.swift */; };
		20D7AFF61D63559000F2BA01 /* TweetersUITableViewController.swift in Sources */ = {isa = PBXBuildFile; fileRef = 20D7AFF51D63559000F2BA01 /* TweetersUITableViewController.swift */; };
		20D7B01A1D63581200F2BA01 /* Model.xcdatamodeld in Sources */ = {isa = PBXBuildFile; fileRef = 20D7B0181D63581200F2BA01 /* Model.xcdatamodeld */; };
		20D7B01F1D635C6600F2BA01 /* TweeterUser+CoreDataProperties.swift in Sources */ = {isa = PBXBuildFile; fileRef = 20D7B01B1D635C6600F2BA01 /* TweeterUser+CoreDataProperties.swift */; };
		20D7B0201D635C6600F2BA01 /* TweeterUser.swift in Sources */ = {isa = PBXBuildFile; fileRef = 20D7B01C1D635C6600F2BA01 /* TweeterUser.swift */; };
		20D7B0211D635C6600F2BA01 /* Tweet+CoreDataProperties.swift in Sources */ = {isa = PBXBuildFile; fileRef = 20D7B01D1D635C6600F2BA01 /* Tweet+CoreDataProperties.swift */; };
		20D7B0221D635C6600F2BA01 /* Tweet.swift in Sources */ = {isa = PBXBuildFile; fileRef = 20D7B01E1D635C6600F2BA01 /* Tweet.swift */; };
		20D7B0251D646CB400F2BA01 /* CoreDataTableViewController.swift in Sources */ = {isa = PBXBuildFile; fileRef = 20D7B0241D646CB400F2BA01 /* CoreDataTableViewController.swift */; };
		20E7F39F1D7B121B005EBB2F /* imageViewContrller.swift in Sources */ = {isa = PBXBuildFile; fileRef = 20E7F39E1D7B121B005EBB2F /* imageViewContrller.swift */; };
		20E7F3A11D7BC103005EBB2F /* webViewController.swift in Sources */ = {isa = PBXBuildFile; fileRef = 20E7F3A01D7BC103005EBB2F /* webViewController.swift */; };
/* End PBXBuildFile section */

/* Begin PBXContainerItemProxy section */
		20538F311D5CC7DE00DA3869 /* PBXContainerItemProxy */ = {
			isa = PBXContainerItemProxy;
			containerPortal = 20538F141D5CC7DD00DA3869 /* Project object */;
			proxyType = 1;
			remoteGlobalIDString = 20538F1B1D5CC7DD00DA3869;
			remoteInfo = smashTweet;
		};
		20538F3C1D5CC7DE00DA3869 /* PBXContainerItemProxy */ = {
			isa = PBXContainerItemProxy;
			containerPortal = 20538F141D5CC7DD00DA3869 /* Project object */;
			proxyType = 1;
			remoteGlobalIDString = 20538F1B1D5CC7DD00DA3869;
			remoteInfo = smashTweet;
		};
/* End PBXContainerItemProxy section */

/* Begin PBXFileReference section */
		20191E5C1D68ADEF00853848 /* DetailOfTweetsTableViewController.swift */ = {isa = PBXFileReference; fileEncoding = 4; lastKnownFileType = sourcecode.swift; path = DetailOfTweetsTableViewController.swift; sourceTree = "<group>"; };
		20439B571D75BDF500740955 /* tweetImageViewCell.swift */ = {isa = PBXFileReference; fileEncoding = 4; lastKnownFileType = sourcecode.swift; path = tweetImageViewCell.swift; sourceTree = "<group>"; };
		20538F1C1D5CC7DD00DA3869 /* smashTweet.app */ = {isa = PBXFileReference; explicitFileType = wrapper.application; includeInIndex = 0; path = smashTweet.app; sourceTree = BUILT_PRODUCTS_DIR; };
		20538F1F1D5CC7DD00DA3869 /* AppDelegate.swift */ = {isa = PBXFileReference; lastKnownFileType = sourcecode.swift; path = AppDelegate.swift; sourceTree = "<group>"; };
		20538F241D5CC7DD00DA3869 /* Base */ = {isa = PBXFileReference; lastKnownFileType = file.storyboard; name = Base; path = Base.lproj/Main.storyboard; sourceTree = "<group>"; };
		20538F261D5CC7DD00DA3869 /* Assets.xcassets */ = {isa = PBXFileReference; lastKnownFileType = folder.assetcatalog; path = Assets.xcassets; sourceTree = "<group>"; };
		20538F291D5CC7DD00DA3869 /* Base */ = {isa = PBXFileReference; lastKnownFileType = file.storyboard; name = Base; path = Base.lproj/LaunchScreen.storyboard; sourceTree = "<group>"; };
		20538F2B1D5CC7DD00DA3869 /* Info.plist */ = {isa = PBXFileReference; lastKnownFileType = text.plist.xml; path = Info.plist; sourceTree = "<group>"; };
		20538F301D5CC7DE00DA3869 /* smashTweetTests.xctest */ = {isa = PBXFileReference; explicitFileType = wrapper.cfbundle; includeInIndex = 0; path = smashTweetTests.xctest; sourceTree = BUILT_PRODUCTS_DIR; };
		20538F341D5CC7DE00DA3869 /* smashTweetTests.swift */ = {isa = PBXFileReference; lastKnownFileType = sourcecode.swift; path = smashTweetTests.swift; sourceTree = "<group>"; };
		20538F361D5CC7DE00DA3869 /* Info.plist */ = {isa = PBXFileReference; lastKnownFileType = text.plist.xml; path = Info.plist; sourceTree = "<group>"; };
		20538F3B1D5CC7DE00DA3869 /* smashTweetUITests.xctest */ = {isa = PBXFileReference; explicitFileType = wrapper.cfbundle; includeInIndex = 0; path = smashTweetUITests.xctest; sourceTree = BUILT_PRODUCTS_DIR; };
		20538F3F1D5CC7DE00DA3869 /* smashTweetUITests.swift */ = {isa = PBXFileReference; lastKnownFileType = sourcecode.swift; path = smashTweetUITests.swift; sourceTree = "<group>"; };
		20538F411D5CC7DE00DA3869 /* Info.plist */ = {isa = PBXFileReference; lastKnownFileType = text.plist.xml; path = Info.plist; sourceTree = "<group>"; };
		20538F4D1D5CC81B00DA3869 /* tweetTableViewController.swift */ = {isa = PBXFileReference; fileEncoding = 4; lastKnownFileType = sourcecode.swift; path = tweetTableViewController.swift; sourceTree = "<group>"; };
		208AA4361D682D1D004EFD53 /* Twitter.framework */ = {isa = PBXFileReference; lastKnownFileType = wrapper.framework; name = Twitter.framework; path = "../../../Library/Developer/Xcode/DerivedData/Lecture9-fpjracegchdjavhecngkrdknjjsf/Build/Products/Debug-iphoneos/Twitter.framework"; sourceTree = "<group>"; };
		20D7AFF31D5F776000F2BA01 /* TweetTableViewCell.swift */ = {isa = PBXFileReference; fileEncoding = 4; lastKnownFileType = sourcecode.swift; path = TweetTableViewCell.swift; sourceTree = "<group>"; };
		20D7AFF51D63559000F2BA01 /* TweetersUITableViewController.swift */ = {isa = PBXFileReference; fileEncoding = 4; lastKnownFileType = sourcecode.swift; path = TweetersUITableViewController.swift; sourceTree = "<group>"; };
		20D7B0191D63581200F2BA01 /* Model.xcdatamodel */ = {isa = PBXFileReference; lastKnownFileType = wrapper.xcdatamodel; path = Model.xcdatamodel; sourceTree = "<group>"; };
		20D7B01B1D635C6600F2BA01 /* TweeterUser+CoreDataProperties.swift */ = {isa = PBXFileReference; fileEncoding = 4; lastKnownFileType = sourcecode.swift; path = "TweeterUser+CoreDataProperties.swift"; sourceTree = "<group>"; };
		20D7B01C1D635C6600F2BA01 /* TweeterUser.swift */ = {isa = PBXFileReference; fileEncoding = 4; lastKnownFileType = sourcecode.swift; path = TweeterUser.swift; sourceTree = "<group>"; };
		20D7B01D1D635C6600F2BA01 /* Tweet+CoreDataProperties.swift */ = {isa = PBXFileReference; fileEncoding = 4; lastKnownFileType = sourcecode.swift; path = "Tweet+CoreDataProperties.swift"; sourceTree = "<group>"; };
		20D7B01E1D635C6600F2BA01 /* Tweet.swift */ = {isa = PBXFileReference; fileEncoding = 4; lastKnownFileType = sourcecode.swift; path = Tweet.swift; sourceTree = "<group>"; };
		20D7B0241D646CB400F2BA01 /* CoreDataTableViewController.swift */ = {isa = PBXFileReference; fileEncoding = 4; lastKnownFileType = sourcecode.swift; path = CoreDataTableViewController.swift; sourceTree = "<group>"; };
		20E7F39E1D7B121B005EBB2F /* imageViewContrller.swift */ = {isa = PBXFileReference; fileEncoding = 4; lastKnownFileType = sourcecode.swift; path = imageViewContrller.swift; sourceTree = "<group>"; };
		20E7F3A01D7BC103005EBB2F /* webViewController.swift */ = {isa = PBXFileReference; fileEncoding = 4; lastKnownFileType = sourcecode.swift; path = webViewController.swift; sourceTree = "<group>"; };
/* End PBXFileReference section */

/* Begin PBXFrameworksBuildPhase section */
		20538F191D5CC7DD00DA3869 /* Frameworks */ = {
			isa = PBXFrameworksBuildPhase;
			buildActionMask = 2147483647;
			files = (
				208AA4371D682D1D004EFD53 /* Twitter.framework in Frameworks */,
			);
			runOnlyForDeploymentPostprocessing = 0;
		};
		20538F2D1D5CC7DE00DA3869 /* Frameworks */ = {
			isa = PBXFrameworksBuildPhase;
			buildActionMask = 2147483647;
			files = (
			);
			runOnlyForDeploymentPostprocessing = 0;
		};
		20538F381D5CC7DE00DA3869 /* Frameworks */ = {
			isa = PBXFrameworksBuildPhase;
			buildActionMask = 2147483647;
			files = (
			);
			runOnlyForDeploymentPostprocessing = 0;
		};
/* End PBXFrameworksBuildPhase section */

/* Begin PBXGroup section */
		20538F131D5CC7DD00DA3869 = {
			isa = PBXGroup;
			children = (
				208AA4361D682D1D004EFD53 /* Twitter.framework */,
				20538F1E1D5CC7DD00DA3869 /* smashTweet */,
				20538F331D5CC7DE00DA3869 /* smashTweetTests */,
				20538F3E1D5CC7DE00DA3869 /* smashTweetUITests */,
				20538F1D1D5CC7DD00DA3869 /* Products */,
			);
			sourceTree = "<group>";
		};
		20538F1D1D5CC7DD00DA3869 /* Products */ = {
			isa = PBXGroup;
			children = (
				20538F1C1D5CC7DD00DA3869 /* smashTweet.app */,
				20538F301D5CC7DE00DA3869 /* smashTweetTests.xctest */,
				20538F3B1D5CC7DE00DA3869 /* smashTweetUITests.xctest */,
			);
			name = Products;
			sourceTree = "<group>";
		};
		20538F1E1D5CC7DD00DA3869 /* smashTweet */ = {
			isa = PBXGroup;
			children = (
				20D7B0231D635F4A00F2BA01 /* Core Data */,
				20538F231D5CC7DD00DA3869 /* Main.storyboard */,
				20E7F3A01D7BC103005EBB2F /* webViewController.swift */,
				20E7F39E1D7B121B005EBB2F /* imageViewContrller.swift */,
				20191E5C1D68ADEF00853848 /* DetailOfTweetsTableViewController.swift */,
				20439B571D75BDF500740955 /* tweetImageViewCell.swift */,
				20D7AFF51D63559000F2BA01 /* TweetersUITableViewController.swift */,
				20D7AFF31D5F776000F2BA01 /* TweetTableViewCell.swift */,
				20538F4D1D5CC81B00DA3869 /* tweetTableViewController.swift */,
				20538F611D5F5A4400DA3869 /* supporting files */,
			);
			path = smashTweet;
			sourceTree = "<group>";
		};
		20538F331D5CC7DE00DA3869 /* smashTweetTests */ = {
			isa = PBXGroup;
			children = (
				20538F341D5CC7DE00DA3869 /* smashTweetTests.swift */,
				20538F361D5CC7DE00DA3869 /* Info.plist */,
			);
			path = smashTweetTests;
			sourceTree = "<group>";
		};
		20538F3E1D5CC7DE00DA3869 /* smashTweetUITests */ = {
			isa = PBXGroup;
			children = (
				20538F3F1D5CC7DE00DA3869 /* smashTweetUITests.swift */,
				20538F411D5CC7DE00DA3869 /* Info.plist */,
			);
			path = smashTweetUITests;
			sourceTree = "<group>";
		};
		20538F611D5F5A4400DA3869 /* supporting files */ = {
			isa = PBXGroup;
			children = (
				20538F1F1D5CC7DD00DA3869 /* AppDelegate.swift */,
				20538F261D5CC7DD00DA3869 /* Assets.xcassets */,
				20538F281D5CC7DD00DA3869 /* LaunchScreen.storyboard */,
				20538F2B1D5CC7DD00DA3869 /* Info.plist */,
			);
			name = "supporting files";
			sourceTree = "<group>";
		};
		20D7B0231D635F4A00F2BA01 /* Core Data */ = {
			isa = PBXGroup;
			children = (
				20D7B0241D646CB400F2BA01 /* CoreDataTableViewController.swift */,
				20D7B01B1D635C6600F2BA01 /* TweeterUser+CoreDataProperties.swift */,
				20D7B01C1D635C6600F2BA01 /* TweeterUser.swift */,
				20D7B01D1D635C6600F2BA01 /* Tweet+CoreDataProperties.swift */,
				20D7B01E1D635C6600F2BA01 /* Tweet.swift */,
				20D7B0181D63581200F2BA01 /* Model.xcdatamodeld */,
			);
			name = "Core Data";
			sourceTree = "<group>";
		};
/* End PBXGroup section */

/* Begin PBXNativeTarget section */
		20538F1B1D5CC7DD00DA3869 /* smashTweet */ = {
			isa = PBXNativeTarget;
			buildConfigurationList = 20538F441D5CC7DE00DA3869 /* Build configuration list for PBXNativeTarget "smashTweet" */;
			buildPhases = (
				20538F181D5CC7DD00DA3869 /* Sources */,
				20538F191D5CC7DD00DA3869 /* Frameworks */,
				20538F1A1D5CC7DD00DA3869 /* Resources */,
			);
			buildRules = (
			);
			dependencies = (
			);
			name = smashTweet;
			productName = smashTweet;
			productReference = 20538F1C1D5CC7DD00DA3869 /* smashTweet.app */;
			productType = "com.apple.product-type.application";
		};
		20538F2F1D5CC7DE00DA3869 /* smashTweetTests */ = {
			isa = PBXNativeTarget;
			buildConfigurationList = 20538F471D5CC7DE00DA3869 /* Build configuration list for PBXNativeTarget "smashTweetTests" */;
			buildPhases = (
				20538F2C1D5CC7DE00DA3869 /* Sources */,
				20538F2D1D5CC7DE00DA3869 /* Frameworks */,
				20538F2E1D5CC7DE00DA3869 /* Resources */,
			);
			buildRules = (
			);
			dependencies = (
				20538F321D5CC7DE00DA3869 /* PBXTargetDependency */,
			);
			name = smashTweetTests;
			productName = smashTweetTests;
			productReference = 20538F301D5CC7DE00DA3869 /* smashTweetTests.xctest */;
			productType = "com.apple.product-type.bundle.unit-test";
		};
		20538F3A1D5CC7DE00DA3869 /* smashTweetUITests */ = {
			isa = PBXNativeTarget;
			buildConfigurationList = 20538F4A1D5CC7DE00DA3869 /* Build configuration list for PBXNativeTarget "smashTweetUITests" */;
			buildPhases = (
				20538F371D5CC7DE00DA3869 /* Sources */,
				20538F381D5CC7DE00DA3869 /* Frameworks */,
				20538F391D5CC7DE00DA3869 /* Resources */,
			);
			buildRules = (
			);
			dependencies = (
				20538F3D1D5CC7DE00DA3869 /* PBXTargetDependency */,
			);
			name = smashTweetUITests;
			productName = smashTweetUITests;
			productReference = 20538F3B1D5CC7DE00DA3869 /* smashTweetUITests.xctest */;
			productType = "com.apple.product-type.bundle.ui-testing";
		};
/* End PBXNativeTarget section */

/* Begin PBXProject section */
		20538F141D5CC7DD00DA3869 /* Project object */ = {
			isa = PBXProject;
			attributes = {
				LastSwiftUpdateCheck = 0730;
				LastUpgradeCheck = 0730;
				ORGANIZATIONNAME = "Yiqin Yao";
				TargetAttributes = {
					20538F1B1D5CC7DD00DA3869 = {
						CreatedOnToolsVersion = 7.3.1;
					};
					20538F2F1D5CC7DE00DA3869 = {
						CreatedOnToolsVersion = 7.3.1;
						TestTargetID = 20538F1B1D5CC7DD00DA3869;
					};
					20538F3A1D5CC7DE00DA3869 = {
						CreatedOnToolsVersion = 7.3.1;
						TestTargetID = 20538F1B1D5CC7DD00DA3869;
					};
				};
			};
			buildConfigurationList = 20538F171D5CC7DD00DA3869 /* Build configuration list for PBXProject "smashTweet" */;
			compatibilityVersion = "Xcode 3.2";
			developmentRegion = English;
			hasScannedForEncodings = 0;
			knownRegions = (
				en,
				Base,
			);
			mainGroup = 20538F131D5CC7DD00DA3869;
			productRefGroup = 20538F1D1D5CC7DD00DA3869 /* Products */;
			projectDirPath = "";
			projectRoot = "";
			targets = (
				20538F1B1D5CC7DD00DA3869 /* smashTweet */,
				20538F2F1D5CC7DE00DA3869 /* smashTweetTests */,
				20538F3A1D5CC7DE00DA3869 /* smashTweetUITests */,
			);
		};
/* End PBXProject section */

/* Begin PBXResourcesBuildPhase section */
		20538F1A1D5CC7DD00DA3869 /* Resources */ = {
			isa = PBXResourcesBuildPhase;
			buildActionMask = 2147483647;
			files = (
				20538F2A1D5CC7DD00DA3869 /* LaunchScreen.storyboard in Resources */,
				20538F271D5CC7DD00DA3869 /* Assets.xcassets in Resources */,
				20538F251D5CC7DD00DA3869 /* Main.storyboard in Resources */,
			);
			runOnlyForDeploymentPostprocessing = 0;
		};
		20538F2E1D5CC7DE00DA3869 /* Resources */ = {
			isa = PBXResourcesBuildPhase;
			buildActionMask = 2147483647;
			files = (
			);
			runOnlyForDeploymentPostprocessing = 0;
		};
		20538F391D5CC7DE00DA3869 /* Resources */ = {
			isa = PBXResourcesBuildPhase;
			buildActionMask = 2147483647;
			files = (
			);
			runOnlyForDeploymentPostprocessing = 0;
		};
/* End PBXResourcesBuildPhase section */

/* Begin PBXSourcesBuildPhase section */
		20538F181D5CC7DD00DA3869 /* Sources */ = {
			isa = PBXSourcesBuildPhase;
			buildActionMask = 2147483647;
			files = (
				20538F201D5CC7DD00DA3869 /* AppDelegate.swift in Sources */,
				20D7B01F1D635C6600F2BA01 /* TweeterUser+CoreDataProperties.swift in Sources */,
				20538F4E1D5CC81B00DA3869 /* tweetTableViewController.swift in Sources */,
				20D7B0221D635C6600F2BA01 /* Tweet.swift in Sources */,
				20D7B01A1D63581200F2BA01 /* Model.xcdatamodeld in Sources */,
				20191E5D1D68ADEF00853848 /* DetailOfTweetsTableViewController.swift in Sources */,
				20D7AFF61D63559000F2BA01 /* TweetersUITableViewController.swift in Sources */,
				20E7F3A11D7BC103005EBB2F /* webViewController.swift in Sources */,
				20E7F39F1D7B121B005EBB2F /* imageViewContrller.swift in Sources */,
				20D7B0211D635C6600F2BA01 /* Tweet+CoreDataProperties.swift in Sources */,
				20D7AFF41D5F776000F2BA01 /* TweetTableViewCell.swift in Sources */,
				20D7B0251D646CB400F2BA01 /* CoreDataTableViewController.swift in Sources */,
				20439B581D75BDF500740955 /* tweetImageViewCell.swift in Sources */,
				20D7B0201D635C6600F2BA01 /* TweeterUser.swift in Sources */,
			);
			runOnlyForDeploymentPostprocessing = 0;
		};
		20538F2C1D5CC7DE00DA3869 /* Sources */ = {
			isa = PBXSourcesBuildPhase;
			buildActionMask = 2147483647;
			files = (
				20538F351D5CC7DE00DA3869 /* smashTweetTests.swift in Sources */,
			);
			runOnlyForDeploymentPostprocessing = 0;
		};
		20538F371D5CC7DE00DA3869 /* Sources */ = {
			isa = PBXSourcesBuildPhase;
			buildActionMask = 2147483647;
			files = (
				20538F401D5CC7DE00DA3869 /* smashTweetUITests.swift in Sources */,
			);
			runOnlyForDeploymentPostprocessing = 0;
		};
/* End PBXSourcesBuildPhase section */

/* Begin PBXTargetDependency section */
		20538F321D5CC7DE00DA3869 /* PBXTargetDependency */ = {
			isa = PBXTargetDependency;
			target = 20538F1B1D5CC7DD00DA3869 /* smashTweet */;
			targetProxy = 20538F311D5CC7DE00DA3869 /* PBXContainerItemProxy */;
		};
		20538F3D1D5CC7DE00DA3869 /* PBXTargetDependency */ = {
			isa = PBXTargetDependency;
			target = 20538F1B1D5CC7DD00DA3869 /* smashTweet */;
			targetProxy = 20538F3C1D5CC7DE00DA3869 /* PBXContainerItemProxy */;
		};
/* End PBXTargetDependency section */

/* Begin PBXVariantGroup section */
		20538F231D5CC7DD00DA3869 /* Main.storyboard */ = {
			isa = PBXVariantGroup;
			children = (
				20538F241D5CC7DD00DA3869 /* Base */,
			);
			name = Main.storyboard;
			sourceTree = "<group>";
		};
		20538F281D5CC7DD00DA3869 /* LaunchScreen.storyboard */ = {
			isa = PBXVariantGroup;
			children = (
				20538F291D5CC7DD00DA3869 /* Base */,
			);
			name = LaunchScreen.storyboard;
			sourceTree = "<group>";
		};
/* End PBXVariantGroup section */

/* Begin XCBuildConfiguration section */
		20538F421D5CC7DE00DA3869 /* Debug */ = {
			isa = XCBuildConfiguration;
			buildSettings = {
				ALWAYS_SEARCH_USER_PATHS = NO;
				CLANG_ANALYZER_NONNULL = YES;
				CLANG_CXX_LANGUAGE_STANDARD = "gnu++0x";
				CLANG_CXX_LIBRARY = "libc++";
				CLANG_ENABLE_MODULES = YES;
				CLANG_ENABLE_OBJC_ARC = YES;
				CLANG_WARN_BOOL_CONVERSION = YES;
				CLANG_WARN_CONSTANT_CONVERSION = YES;
				CLANG_WARN_DIRECT_OBJC_ISA_USAGE = YES_ERROR;
				CLANG_WARN_EMPTY_BODY = YES;
				CLANG_WARN_ENUM_CONVERSION = YES;
				CLANG_WARN_INT_CONVERSION = YES;
				CLANG_WARN_OBJC_ROOT_CLASS = YES_ERROR;
				CLANG_WARN_UNREACHABLE_CODE = YES;
				CLANG_WARN__DUPLICATE_METHOD_MATCH = YES;
				"CODE_SIGN_IDENTITY[sdk=iphoneos*]" = "iPhone Developer";
				COPY_PHASE_STRIP = NO;
				DEBUG_INFORMATION_FORMAT = dwarf;
				ENABLE_STRICT_OBJC_MSGSEND = YES;
				ENABLE_TESTABILITY = YES;
				GCC_C_LANGUAGE_STANDARD = gnu99;
				GCC_DYNAMIC_NO_PIC = NO;
				GCC_NO_COMMON_BLOCKS = YES;
				GCC_OPTIMIZATION_LEVEL = 0;
				GCC_PREPROCESSOR_DEFINITIONS = (
					"DEBUG=1",
					"$(inherited)",
				);
				GCC_WARN_64_TO_32_BIT_CONVERSION = YES;
				GCC_WARN_ABOUT_RETURN_TYPE = YES_ERROR;
				GCC_WARN_UNDECLARED_SELECTOR = YES;
				GCC_WARN_UNINITIALIZED_AUTOS = YES_AGGRESSIVE;
				GCC_WARN_UNUSED_FUNCTION = YES;
				GCC_WARN_UNUSED_VARIABLE = YES;
				IPHONEOS_DEPLOYMENT_TARGET = 9.3;
				MTL_ENABLE_DEBUG_INFO = YES;
				ONLY_ACTIVE_ARCH = YES;
				SDKROOT = iphoneos;
				SWIFT_OPTIMIZATION_LEVEL = "-Onone";
				TARGETED_DEVICE_FAMILY = "1,2";
			};
			name = Debug;
		};
		20538F431D5CC7DE00DA3869 /* Release */ = {
			isa = XCBuildConfiguration;
			buildSettings = {
				ALWAYS_SEARCH_USER_PATHS = NO;
				CLANG_ANALYZER_NONNULL = YES;
				CLANG_CXX_LANGUAGE_STANDARD = "gnu++0x";
				CLANG_CXX_LIBRARY = "libc++";
				CLANG_ENABLE_MODULES = YES;
				CLANG_ENABLE_OBJC_ARC = YES;
				CLANG_WARN_BOOL_CONVERSION = YES;
				CLANG_WARN_CONSTANT_CONVERSION = YES;
				CLANG_WARN_DIRECT_OBJC_ISA_USAGE = YES_ERROR;
				CLANG_WARN_EMPTY_BODY = YES;
				CLANG_WARN_ENUM_CONVERSION = YES;
				CLANG_WARN_INT_CONVERSION = YES;
				CLANG_WARN_OBJC_ROOT_CLASS = YES_ERROR;
				CLANG_WARN_UNREACHABLE_CODE = YES;
				CLANG_WARN__DUPLICATE_METHOD_MATCH = YES;
				"CODE_SIGN_IDENTITY[sdk=iphoneos*]" = "iPhone Developer";
				COPY_PHASE_STRIP = NO;
				DEBUG_INFORMATION_FORMAT = "dwarf-with-dsym";
				ENABLE_NS_ASSERTIONS = NO;
				ENABLE_STRICT_OBJC_MSGSEND = YES;
				GCC_C_LANGUAGE_STANDARD = gnu99;
				GCC_NO_COMMON_BLOCKS = YES;
				GCC_WARN_64_TO_32_BIT_CONVERSION = YES;
				GCC_WARN_ABOUT_RETURN_TYPE = YES_ERROR;
				GCC_WARN_UNDECLARED_SELECTOR = YES;
				GCC_WARN_UNINITIALIZED_AUTOS = YES_AGGRESSIVE;
				GCC_WARN_UNUSED_FUNCTION = YES;
				GCC_WARN_UNUSED_VARIABLE = YES;
				IPHONEOS_DEPLOYMENT_TARGET = 9.3;
				MTL_ENABLE_DEBUG_INFO = NO;
				SDKROOT = iphoneos;
				TARGETED_DEVICE_FAMILY = "1,2";
				VALIDATE_PRODUCT = YES;
			};
			name = Release;
		};
		20538F451D5CC7DE00DA3869 /* Debug */ = {
			isa = XCBuildConfiguration;
			buildSettings = {
				ASSETCATALOG_COMPILER_APPICON_NAME = AppIcon;
				INFOPLIST_FILE = smashTweet/Info.plist;
				LD_RUNPATH_SEARCH_PATHS = "$(inherited) @executable_path/Frameworks";
				PRODUCT_BUNDLE_IDENTIFIER = edu.stanford.cs183p.yao.smashTweet;
				PRODUCT_NAME = "$(TARGET_NAME)";
			};
			name = Debug;
		};
		20538F461D5CC7DE00DA3869 /* Release */ = {
			isa = XCBuildConfiguration;
			buildSettings = {
				ASSETCATALOG_COMPILER_APPICON_NAME = AppIcon;
				INFOPLIST_FILE = smashTweet/Info.plist;
				LD_RUNPATH_SEARCH_PATHS = "$(inherited) @executable_path/Frameworks";
				PRODUCT_BUNDLE_IDENTIFIER = edu.stanford.cs183p.yao.smashTweet;
				PRODUCT_NAME = "$(TARGET_NAME)";
			};
			name = Release;
		};
		20538F481D5CC7DE00DA3869 /* Debug */ = {
			isa = XCBuildConfiguration;
			buildSettings = {
				BUNDLE_LOADER = "$(TEST_HOST)";
				INFOPLIST_FILE = smashTweetTests/Info.plist;
				LD_RUNPATH_SEARCH_PATHS = "$(inherited) @executable_path/Frameworks @loader_path/Frameworks";
				PRODUCT_BUNDLE_IDENTIFIER = edu.stanford.cs183p.yao.smashTweetTests;
				PRODUCT_NAME = "$(TARGET_NAME)";
				TEST_HOST = "$(BUILT_PRODUCTS_DIR)/smashTweet.app/smashTweet";
			};
			name = Debug;
		};
		20538F491D5CC7DE00DA3869 /* Release */ = {
			isa = XCBuildConfiguration;
			buildSettings = {
				BUNDLE_LOADER = "$(TEST_HOST)";
				INFOPLIST_FILE = smashTweetTests/Info.plist;
				LD_RUNPATH_SEARCH_PATHS = "$(inherited) @executable_path/Frameworks @loader_path/Frameworks";
				PRODUCT_BUNDLE_IDENTIFIER = edu.stanford.cs183p.yao.smashTweetTests;
				PRODUCT_NAME = "$(TARGET_NAME)";
				TEST_HOST = "$(BUILT_PRODUCTS_DIR)/smashTweet.app/smashTweet";
			};
			name = Release;
		};
		20538F4B1D5CC7DE00DA3869 /* Debug */ = {
			isa = XCBuildConfiguration;
			buildSettings = {
				INFOPLIST_FILE = smashTweetUITests/Info.plist;
				LD_RUNPATH_SEARCH_PATHS = "$(inherited) @executable_path/Frameworks @loader_path/Frameworks";
				PRODUCT_BUNDLE_IDENTIFIER = edu.stanford.cs183p.yao.smashTweetUITests;
				PRODUCT_NAME = "$(TARGET_NAME)";
				TEST_TARGET_NAME = smashTweet;
			};
			name = Debug;
		};
		20538F4C1D5CC7DE00DA3869 /* Release */ = {
			isa = XCBuildConfiguration;
			buildSettings = {
				INFOPLIST_FILE = smashTweetUITests/Info.plist;
				LD_RUNPATH_SEARCH_PATHS = "$(inherited) @executable_path/Frameworks @loader_path/Frameworks";
				PRODUCT_BUNDLE_IDENTIFIER = edu.stanford.cs183p.yao.smashTweetUITests;
				PRODUCT_NAME = "$(TARGET_NAME)";
				TEST_TARGET_NAME = smashTweet;
			};
			name = Release;
		};
/* End XCBuildConfiguration section */

/* Begin XCConfigurationList section */
		20538F171D5CC7DD00DA3869 /* Build configuration list for PBXProject "smashTweet" */ = {
			isa = XCConfigurationList;
			buildConfigurations = (
				20538F421D5CC7DE00DA3869 /* Debug */,
				20538F431D5CC7DE00DA3869 /* Release */,
			);
			defaultConfigurationIsVisible = 0;
			defaultConfigurationName = Release;
		};
		20538F441D5CC7DE00DA3869 /* Build configuration list for PBXNativeTarget "smashTweet" */ = {
			isa = XCConfigurationList;
			buildConfigurations = (
				20538F451D5CC7DE00DA3869 /* Debug */,
				20538F461D5CC7DE00DA3869 /* Release */,
			);
			defaultConfigurationIsVisible = 0;
			defaultConfigurationName = Release;
		};
		20538F471D5CC7DE00DA3869 /* Build configuration list for PBXNativeTarget "smashTweetTests" */ = {
			isa = XCConfigurationList;
			buildConfigurations = (
				20538F481D5CC7DE00DA3869 /* Debug */,
				20538F491D5CC7DE00DA3869 /* Release */,
			);
			defaultConfigurationIsVisible = 0;
			defaultConfigurationName = Release;
		};
		20538F4A1D5CC7DE00DA3869 /* Build configuration list for PBXNativeTarget "smashTweetUITests" */ = {
			isa = XCConfigurationList;
			buildConfigurations = (
				20538F4B1D5CC7DE00DA3869 /* Debug */,
				20538F4C1D5CC7DE00DA3869 /* Release */,
			);
			defaultConfigurationIsVisible = 0;
			defaultConfigurationName = Release;
		};
/* End XCConfigurationList section */

/* Begin XCVersionGroup section */
		20D7B0181D63581200F2BA01 /* Model.xcdatamodeld */ = {
			isa = XCVersionGroup;
			children = (
				20D7B0191D63581200F2BA01 /* Model.xcdatamodel */,
			);
			currentVersion = 20D7B0191D63581200F2BA01 /* Model.xcdatamodel */;
			path = Model.xcdatamodeld;
			sourceTree = "<group>";
			versionGroupType = wrapper.xcdatamodel;
		};
/* End XCVersionGroup section */
	};
	rootObject = 20538F141D5CC7DD00DA3869 /* Project object */;
}
